
Microsoft Visual Studio Solution File, Format Version 12.00
# Visual Studio Version 16
VisualStudioVersion = 16.0.31129.286
MinimumVisualStudioVersion = 10.0.40219.1
Project("{FAE04EC0-301F-11D3-BF4B-00C04F79EFBC}") = "Blazor-Server-App", "Blazor-Server-App\Blazor-Server-App.csproj", "{CE166E99-011C-4963-BA28-96C278971222}"
EndProject
Global
	GlobalSection(SolutionConfigurationPlatforms) = preSolution
		Debug|Any CPU = Debug|Any CPU
		Release|Any CPU = Release|Any CPU
	EndGlobalSection
	GlobalSection(ProjectConfigurationPlatforms) = postSolution
		{CE166E99-011C-4963-BA28-96C278971222}.Debug|Any CPU.ActiveCfg = Debug|Any CPU
		{CE166E99-011C-4963-BA28-96C278971222}.Debug|Any CPU.Build.0 = Debug|Any CPU
		{CE166E99-011C-4963-BA28-96C278971222}.Release|Any CPU.ActiveCfg = Release|Any CPU
		{CE166E99-011C-4963-BA28-96C278971222}.Release|Any CPU.Build.0 = Release|Any CPU
	EndGlobalSection
	GlobalSection(SolutionProperties) = preSolution
		HideSolutionNode = FALSE
	EndGlobalSection
	GlobalSection(ExtensibilityGlobals) = postSolution
		SolutionGuid = {909D354D-4BD8-42E6-B3EB-3EFA58F98AC2}
	EndGlobalSection
EndGlobal
